
Microsoft Visual Studio Solution File, Format Version 12.00
# Visual Studio Version 17
VisualStudioVersion = 17.14.36221.1
MinimumVisualStudioVersion = 10.0.40219.1
Project("{2150E333-8FDC-42A3-9474-1A3956D46DE8}") = "src", "src", "{02EA681E-C7D8-13C7-8484-4AC65E1B71E8}"
EndProject
Project("{2150E333-8FDC-42A3-9474-1A3956D46DE8}") = "tests", "tests", "{9F8E916F-9442-41F8-85E2-FCA3BE0A386E}"
EndProject
Project("{2150E333-8FDC-42A3-9474-1A3956D46DE8}") = "samples", "samples", "{E66DDEB9-0666-40F6-982F-BAD708A6FAD7}"
EndProject
Project("{FAE04EC0-301F-11D3-BF4B-00C04F79EFBC}") = "NpgsqlParser", "src\NpgsqlParser\NpgsqlParser.csproj", "{2E16C018-ED17-DC73-22AC-930D91B677FD}"
EndProject
Project("{FAE04EC0-301F-11D3-BF4B-00C04F79EFBC}") = "NpgsqlParser.UnitTests", "tests\NpgsqlParser.UnitTests\NpgsqlParser.UnitTests.csproj", "{E8DB94DF-9195-4E17-8BE8-E89E7808323D}"
EndProject
Global
	GlobalSection(SolutionConfigurationPlatforms) = preSolution
		Debug|Any CPU = Debug|Any CPU
		Release|Any CPU = Release|Any CPU
	EndGlobalSection
	GlobalSection(ProjectConfigurationPlatforms) = postSolution
		{2E16C018-ED17-DC73-22AC-930D91B677FD}.Debug|Any CPU.ActiveCfg = Debug|Any CPU
		{2E16C018-ED17-DC73-22AC-930D91B677FD}.Debug|Any CPU.Build.0 = Debug|Any CPU
		{2E16C018-ED17-DC73-22AC-930D91B677FD}.Release|Any CPU.ActiveCfg = Release|Any CPU
		{2E16C018-ED17-DC73-22AC-930D91B677FD}.Release|Any CPU.Build.0 = Release|Any CPU
		{E8DB94DF-9195-4E17-8BE8-E89E7808323D}.Debug|Any CPU.ActiveCfg = Debug|Any CPU
		{E8DB94DF-9195-4E17-8BE8-E89E7808323D}.Debug|Any CPU.Build.0 = Debug|Any CPU
		{E8DB94DF-9195-4E17-8BE8-E89E7808323D}.Release|Any CPU.ActiveCfg = Release|Any CPU
		{E8DB94DF-9195-4E17-8BE8-E89E7808323D}.Release|Any CPU.Build.0 = Release|Any CPU
	EndGlobalSection
	GlobalSection(SolutionProperties) = preSolution
		HideSolutionNode = FALSE
	EndGlobalSection
	GlobalSection(NestedProjects) = preSolution
		{2E16C018-ED17-DC73-22AC-930D91B677FD} = {02EA681E-C7D8-13C7-8484-4AC65E1B71E8}
		{E8DB94DF-9195-4E17-8BE8-E89E7808323D} = {9F8E916F-9442-41F8-85E2-FCA3BE0A386E}
	EndGlobalSection
	GlobalSection(ExtensibilityGlobals) = postSolution
		SolutionGuid = {BB710DAE-28BD-4695-B823-7AA7A486C381}
	EndGlobalSection
EndGlobal
